
Microsoft Visual Studio Solution File, Format Version 12.00
# Visual Studio 2013
VisualStudioVersion = 12.0.30501.0
MinimumVisualStudioVersion = 10.0.40219.1
Project("{2150E333-8FDC-42A3-9474-1A3956D46DE8}") = "Project", "Project", "{B9CDCEFA-F731-4467-A36F-ED04C7326C3E}"
	ProjectSection(SolutionItems) = preProject
		dealz.fsx = dealz.fsx
	EndProjectSection
EndProject
Project("{F2A71F9B-5D33-465A-A702-920D77279786}") = "dealz", "dealz\dealz.fsproj", "{8FB64B5B-673E-4AF9-BD4D-777A92CA2904}"
EndProject
Project("{2150E333-8FDC-42A3-9474-1A3956D46DE8}") = ".nuget", ".nuget", "{D7DEF4DC-37EF-40A4-BF11-B617140BA2BB}"
	ProjectSection(SolutionItems) = preProject
		.nuget\packages.config = .nuget\packages.config
	EndProjectSection
EndProject
Global
	GlobalSection(SolutionConfigurationPlatforms) = preSolution
		Debug|Any CPU = Debug|Any CPU
		Release|Any CPU = Release|Any CPU
	EndGlobalSection
	GlobalSection(ProjectConfigurationPlatforms) = postSolution
		{8FB64B5B-673E-4AF9-BD4D-777A92CA2904}.Debug|Any CPU.ActiveCfg = Debug|Any CPU
		{8FB64B5B-673E-4AF9-BD4D-777A92CA2904}.Debug|Any CPU.Build.0 = Debug|Any CPU
		{8FB64B5B-673E-4AF9-BD4D-777A92CA2904}.Release|Any CPU.ActiveCfg = Release|Any CPU
		{8FB64B5B-673E-4AF9-BD4D-777A92CA2904}.Release|Any CPU.Build.0 = Release|Any CPU
	EndGlobalSection
	GlobalSection(SolutionProperties) = preSolution
		HideSolutionNode = FALSE
	EndGlobalSection
EndGlobal
